<?xml version="1.0" encoding="utf-8"?>
<Project ToolsVersion="4.0" xmlns="http://schemas.microsoft.com/developer/msbuild/2003">
  <ItemGroup>
    <Filter Include="Файлы исходного кода">
      <UniqueIdentifier>{4FC737F1-C7A5-4376-A066-2A32D752A2FF}</UniqueIdentifier>
      <Extensions>cpp;c;cc;cxx;def;odl;idl;hpj;bat;asm;asmx</Extensions>
    </Filter>
    <Filter Include="Заголовочные файлы">
      <UniqueIdentifier>{93995380-89BD-4b04-88EB-625FBE52EBFB}</UniqueIdentifier>
      <Extensions>h;hpp;hxx;hm;inl;inc;xsd</Extensions>
    </Filter>
    <Filter Include="Файлы ресурсов">
      <UniqueIdentifier>{67DA6AB6-F800-4c08-8B7A-83BB121AAD01}</UniqueIdentifier>
      <Extensions>rc;ico;cur;bmp;dlg;rc2;rct;bin;rgs;gif;jpg;jpeg;jpe;resx;tiff;tif;png;wav</Extensions>
    </Filter>
    <Filter Include="FileIO">
      <UniqueIdentifier>{714351ba-f380-48f7-b1dd-68a4f08f28c7}</UniqueIdentifier>
    </Filter>
    <Filter Include="ImPlot">
      <UniqueIdentifier>{159a1dac-541c-43df-9516-a307f68cc663}</UniqueIdentifier>
    </Filter>
    <Filter Include="Experiment">
      <UniqueIdentifier>{3defc7a4-bdce-4844-9e42-b22642997969}</UniqueIdentifier>
    </Filter>
  </ItemGroup>
  <ItemGroup>
    <ClCompile Include="canny.c">
      <Filter>Файлы исходного кода</Filter>
    </ClCompile>
    <ClCompile Include="conobj.c">
      <Filter>Файлы исходного кода</Filter>
    </ClCompile>
    <ClCompile Include="filt.c">
      <Filter>Файлы исходного кода</Filter>
    </ClCompile>
    <ClCompile Include="geom.cpp">
      <Filter>Файлы исходного кода</Filter>
    </ClCompile>
    <ClCompile Include="hist.c">
      <Filter>Файлы исходного кода</Filter>
    </ClCompile>
    <ClCompile Include="iplmisc.c">
      <Filter>Файлы исходного кода</Filter>
    </ClCompile>
    <ClCompile Include="irisSegmentation.c">
      <Filter>Файлы исходного кода</Filter>
    </ClCompile>
    <ClCompile Include="mybdl_refineiris.c">
      <Filter>Файлы исходного кода</Filter>
    </ClCompile>
    <ClCompile Include="mybdl_refinepupil.c">
      <Filter>Файлы исходного кода</Filter>
    </ClCompile>
    <ClCompile Include="mySobelBig.c">
      <Filter>Файлы исходного кода</Filter>
    </ClCompile>
    <ClCompile Include="removal.c">
      <Filter>Файлы исходного кода</Filter>
    </ClCompile>
    <ClCompile Include="imPlot.cpp">
      <Filter>ImPlot</Filter>
    </ClCompile>
    <ClCompile Include="imageio.c">
      <Filter>FileIO</Filter>
    </ClCompile>
    <ClCompile Include="Experiment.cpp">
      <Filter>Experiment</Filter>
    </ClCompile>
    <ClCompile Include="TEST_segmentation.cpp">
      <Filter>Файлы исходного кода</Filter>
    </ClCompile>
  </ItemGroup>
  <ItemGroup>
    <ClInclude Include="bdl.h">
      <Filter>Заголовочные файлы</Filter>
    </ClInclude>
    <ClInclude Include="bpl.h">
      <Filter>Заголовочные файлы</Filter>
    </ClInclude>
    <ClInclude Include="dbg.h">
      <Filter>Заголовочные файлы</Filter>
    </ClInclude>
    <ClInclude Include="errorcodes.h">
      <Filter>Заголовочные файлы</Filter>
    </ClInclude>
    <ClInclude Include="ffl.h">
      <Filter>Заголовочные файлы</Filter>
    </ClInclude>
    <ClInclude Include="header.h">
      <Filter>Заголовочные файлы</Filter>
    </ClInclude>
    <ClInclude Include="ipl.h">
      <Filter>Заголовочные файлы</Filter>
    </ClInclude>
    <ClInclude Include="ownipl.h">
      <Filter>Заголовочные файлы</Filter>
    </ClInclude>
    <ClInclude Include="unitypes.h">
      <Filter>Заголовочные файлы</Filter>
    </ClInclude>
    <ClInclude Include="IrisSegmentation.h">
      <Filter>Заголовочные файлы</Filter>
    </ClInclude>
    <ClInclude Include="Geometry.h">
      <Filter>Заголовочные файлы</Filter>
    </ClInclude>
    <ClInclude Include="imio.h">
      <Filter>FileIO</Filter>
    </ClInclude>
    <ClInclude Include="imPlot.h">
      <Filter>ImPlot</Filter>
    </ClInclude>
    <ClInclude Include="Experiment.h">
      <Filter>Experiment</Filter>
    </ClInclude>
  </ItemGroup>
</Project>